// !$*UTF8*$!
{
	archiveVersion = 1;
	classes = {
	};
	objectVersion = 46;
	objects = {

/* Begin PBXBuildFile section */
		3A50A59C70029DE776834DAB /* Pods_VetEks_Golf.framework in Frameworks */ = {isa = PBXBuildFile; fileRef = 972BCDB1BB2A0AB1191FBA55 /* Pods_VetEks_Golf.framework */; };
		DB164B931EFBE0DB0074CE39 /* addGolferController.swift in Sources */ = {isa = PBXBuildFile; fileRef = DB164B921EFBE0DB0074CE39 /* addGolferController.swift */; };
		DB164B951EFBE9FE0074CE39 /* GolfersTableViewController.swift in Sources */ = {isa = PBXBuildFile; fileRef = DB164B941EFBE9FE0074CE39 /* GolfersTableViewController.swift */; };
		DB164B971EFBEA650074CE39 /* GolfersTableViewCell.swift in Sources */ = {isa = PBXBuildFile; fileRef = DB164B961EFBEA650074CE39 /* GolfersTableViewCell.swift */; };
		DB1A76E51EF9280B0030215F /* score.swift in Sources */ = {isa = PBXBuildFile; fileRef = DB1A76E41EF9280B0030215F /* score.swift */; };
		DB1A76E91EF947410030215F /* addScoreController.swift in Sources */ = {isa = PBXBuildFile; fileRef = DB1A76E81EF947410030215F /* addScoreController.swift */; };
		DB1A76EC1EF966630030215F /* VetEks.xcdatamodeld in Sources */ = {isa = PBXBuildFile; fileRef = DB1A76EA1EF966630030215F /* VetEks.xcdatamodeld */; };
		DB4E10511F029BA000714A4E /* SignUpVC.swift in Sources */ = {isa = PBXBuildFile; fileRef = DB4E10501F029BA000714A4E /* SignUpVC.swift */; };
		DB4F0DE01F0BDA39006CEE13 /* LICENSE.txt in Resources */ = {isa = PBXBuildFile; fileRef = DB4F0DDB1F0BDA39006CEE13 /* LICENSE.txt */; };
		DB4F0DE91F0BDA87006CEE13 /* ProgressHUD.bundle in Resources */ = {isa = PBXBuildFile; fileRef = DB4F0DE61F0BDA87006CEE13 /* ProgressHUD.bundle */; };
		DB4F0DEA1F0BDA87006CEE13 /* ProgressHUD.m in Sources */ = {isa = PBXBuildFile; fileRef = DB4F0DE81F0BDA87006CEE13 /* ProgressHUD.m */; };
		DBBDD31F1EF7F14800D09C13 /* AppDelegate.swift in Sources */ = {isa = PBXBuildFile; fileRef = DBBDD31E1EF7F14800D09C13 /* AppDelegate.swift */; };
		DBBDD3211EF7F14800D09C13 /* LoginVC.swift in Sources */ = {isa = PBXBuildFile; fileRef = DBBDD3201EF7F14800D09C13 /* LoginVC.swift */; };
		DBBDD3241EF7F14800D09C13 /* Main.storyboard in Resources */ = {isa = PBXBuildFile; fileRef = DBBDD3221EF7F14800D09C13 /* Main.storyboard */; };
		DBBDD3291EF7F14800D09C13 /* Assets.xcassets in Resources */ = {isa = PBXBuildFile; fileRef = DBBDD3281EF7F14800D09C13 /* Assets.xcassets */; };
		DBBDD32C1EF7F14800D09C13 /* LaunchScreen.storyboard in Resources */ = {isa = PBXBuildFile; fileRef = DBBDD32A1EF7F14800D09C13 /* LaunchScreen.storyboard */; };
		DBBDD3361EF7F43400D09C13 /* HomeTableViewController.swift in Sources */ = {isa = PBXBuildFile; fileRef = DBBDD3351EF7F43400D09C13 /* HomeTableViewController.swift */; };
		DBBDD3381EF7F58700D09C13 /* HomeTableViewCell.swift in Sources */ = {isa = PBXBuildFile; fileRef = DBBDD3371EF7F58700D09C13 /* HomeTableViewCell.swift */; };
		DBBDD33A1EF815A600D09C13 /* ScoreCardViewController.swift in Sources */ = {isa = PBXBuildFile; fileRef = DBBDD3391EF815A600D09C13 /* ScoreCardViewController.swift */; };
		DBE9E6E81EFD3864002FEAC8 /* GoogleService-Info.plist in Resources */ = {isa = PBXBuildFile; fileRef = DBE9E6E71EFD3864002FEAC8 /* GoogleService-Info.plist */; };
		DBEEAB6B1F0CC15D00AF59C2 /* AuthService.swift in Sources */ = {isa = PBXBuildFile; fileRef = DBEEAB6A1F0CC15D00AF59C2 /* AuthService.swift */; };
/* End PBXBuildFile section */

/* Begin PBXFileReference section */
		1BC80A3A2424D67A88E7EDF4 /* Pods-VetEks Golf.debug.xcconfig */ = {isa = PBXFileReference; includeInIndex = 1; lastKnownFileType = text.xcconfig; name = "Pods-VetEks Golf.debug.xcconfig"; path = "Pods/Target Support Files/Pods-VetEks Golf/Pods-VetEks Golf.debug.xcconfig"; sourceTree = "<group>"; };
		972BCDB1BB2A0AB1191FBA55 /* Pods_VetEks_Golf.framework */ = {isa = PBXFileReference; explicitFileType = wrapper.framework; includeInIndex = 0; path = Pods_VetEks_Golf.framework; sourceTree = BUILT_PRODUCTS_DIR; };
		DB164B921EFBE0DB0074CE39 /* addGolferController.swift */ = {isa = PBXFileReference; fileEncoding = 4; lastKnownFileType = sourcecode.swift; path = addGolferController.swift; sourceTree = "<group>"; };
		DB164B941EFBE9FE0074CE39 /* GolfersTableViewController.swift */ = {isa = PBXFileReference; fileEncoding = 4; lastKnownFileType = sourcecode.swift; path = GolfersTableViewController.swift; sourceTree = "<group>"; };
		DB164B961EFBEA650074CE39 /* GolfersTableViewCell.swift */ = {isa = PBXFileReference; fileEncoding = 4; lastKnownFileType = sourcecode.swift; path = GolfersTableViewCell.swift; sourceTree = "<group>"; };
		DB1A76E41EF9280B0030215F /* score.swift */ = {isa = PBXFileReference; fileEncoding = 4; lastKnownFileType = sourcecode.swift; path = score.swift; sourceTree = "<group>"; };
		DB1A76E81EF947410030215F /* addScoreController.swift */ = {isa = PBXFileReference; fileEncoding = 4; lastKnownFileType = sourcecode.swift; path = addScoreController.swift; sourceTree = "<group>"; };
		DB1A76EB1EF966630030215F /* VetEks.xcdatamodel */ = {isa = PBXFileReference; lastKnownFileType = wrapper.xcdatamodel; path = VetEks.xcdatamodel; sourceTree = "<group>"; };
		DB4E10501F029BA000714A4E /* SignUpVC.swift */ = {isa = PBXFileReference; fileEncoding = 4; lastKnownFileType = sourcecode.swift; path = SignUpVC.swift; sourceTree = "<group>"; };
		DB4F0DDB1F0BDA39006CEE13 /* LICENSE.txt */ = {isa = PBXFileReference; fileEncoding = 4; lastKnownFileType = text; path = LICENSE.txt; sourceTree = "<group>"; };
		DB4F0DE51F0BDA86006CEE13 /* VetEks Golf-Bridging-Header.h */ = {isa = PBXFileReference; lastKnownFileType = sourcecode.c.h; path = "VetEks Golf-Bridging-Header.h"; sourceTree = "<group>"; };
		DB4F0DE61F0BDA87006CEE13 /* ProgressHUD.bundle */ = {isa = PBXFileReference; lastKnownFileType = "wrapper.plug-in"; path = ProgressHUD.bundle; sourceTree = "<group>"; };
		DB4F0DE71F0BDA87006CEE13 /* ProgressHUD.h */ = {isa = PBXFileReference; fileEncoding = 4; lastKnownFileType = sourcecode.c.h; path = ProgressHUD.h; sourceTree = "<group>"; };
		DB4F0DE81F0BDA87006CEE13 /* ProgressHUD.m */ = {isa = PBXFileReference; fileEncoding = 4; lastKnownFileType = sourcecode.c.objc; path = ProgressHUD.m; sourceTree = "<group>"; };
		DBBDD31B1EF7F14800D09C13 /* VetEks Golf.app */ = {isa = PBXFileReference; explicitFileType = wrapper.application; includeInIndex = 0; path = "VetEks Golf.app"; sourceTree = BUILT_PRODUCTS_DIR; };
		DBBDD31E1EF7F14800D09C13 /* AppDelegate.swift */ = {isa = PBXFileReference; lastKnownFileType = sourcecode.swift; path = AppDelegate.swift; sourceTree = "<group>"; };
		DBBDD3201EF7F14800D09C13 /* LoginVC.swift */ = {isa = PBXFileReference; lastKnownFileType = sourcecode.swift; path = LoginVC.swift; sourceTree = "<group>"; };
		DBBDD3231EF7F14800D09C13 /* Base */ = {isa = PBXFileReference; lastKnownFileType = file.storyboard; name = Base; path = Base.lproj/Main.storyboard; sourceTree = "<group>"; };
		DBBDD3281EF7F14800D09C13 /* Assets.xcassets */ = {isa = PBXFileReference; lastKnownFileType = folder.assetcatalog; path = Assets.xcassets; sourceTree = "<group>"; };
		DBBDD32B1EF7F14800D09C13 /* Base */ = {isa = PBXFileReference; lastKnownFileType = file.storyboard; name = Base; path = Base.lproj/LaunchScreen.storyboard; sourceTree = "<group>"; };
		DBBDD32D1EF7F14800D09C13 /* Info.plist */ = {isa = PBXFileReference; lastKnownFileType = text.plist.xml; path = Info.plist; sourceTree = "<group>"; };
		DBBDD3351EF7F43400D09C13 /* HomeTableViewController.swift */ = {isa = PBXFileReference; fileEncoding = 4; lastKnownFileType = sourcecode.swift; path = HomeTableViewController.swift; sourceTree = "<group>"; };
		DBBDD3371EF7F58700D09C13 /* HomeTableViewCell.swift */ = {isa = PBXFileReference; fileEncoding = 4; lastKnownFileType = sourcecode.swift; path = HomeTableViewCell.swift; sourceTree = "<group>"; };
		DBBDD3391EF815A600D09C13 /* ScoreCardViewController.swift */ = {isa = PBXFileReference; fileEncoding = 4; lastKnownFileType = sourcecode.swift; path = ScoreCardViewController.swift; sourceTree = "<group>"; };
		DBE9E6E71EFD3864002FEAC8 /* GoogleService-Info.plist */ = {isa = PBXFileReference; fileEncoding = 4; lastKnownFileType = text.plist.xml; path = "GoogleService-Info.plist"; sourceTree = "<group>"; };
		DBEEAB6A1F0CC15D00AF59C2 /* AuthService.swift */ = {isa = PBXFileReference; fileEncoding = 4; lastKnownFileType = sourcecode.swift; path = AuthService.swift; sourceTree = "<group>"; };
		E602FF5F5D8255A9771E4219 /* Pods-VetEks Golf.release.xcconfig */ = {isa = PBXFileReference; includeInIndex = 1; lastKnownFileType = text.xcconfig; name = "Pods-VetEks Golf.release.xcconfig"; path = "Pods/Target Support Files/Pods-VetEks Golf/Pods-VetEks Golf.release.xcconfig"; sourceTree = "<group>"; };
/* End PBXFileReference section */

/* Begin PBXFrameworksBuildPhase section */
		DBBDD3181EF7F14800D09C13 /* Frameworks */ = {
			isa = PBXFrameworksBuildPhase;
			buildActionMask = 2147483647;
			files = (
				3A50A59C70029DE776834DAB /* Pods_VetEks_Golf.framework in Frameworks */,
			);
			runOnlyForDeploymentPostprocessing = 0;
		};
/* End PBXFrameworksBuildPhase section */

/* Begin PBXGroup section */
		9ADA7CCBF46CDE6F1A74D3F7 /* Pods */ = {
			isa = PBXGroup;
			children = (
				1BC80A3A2424D67A88E7EDF4 /* Pods-VetEks Golf.debug.xcconfig */,
				E602FF5F5D8255A9771E4219 /* Pods-VetEks Golf.release.xcconfig */,
			);
			name = Pods;
			sourceTree = "<group>";
		};
		BA4152C3157FF6EC7DA85B64 /* Frameworks */ = {
			isa = PBXGroup;
			children = (
				972BCDB1BB2A0AB1191FBA55 /* Pods_VetEks_Golf.framework */,
			);
			name = Frameworks;
			sourceTree = "<group>";
		};
		DBBDD3121EF7F14800D09C13 = {
			isa = PBXGroup;
			children = (
				DBBDD31D1EF7F14800D09C13 /* VetEks Golf */,
				DBBDD31C1EF7F14800D09C13 /* Products */,
				9ADA7CCBF46CDE6F1A74D3F7 /* Pods */,
				BA4152C3157FF6EC7DA85B64 /* Frameworks */,
			);
			sourceTree = "<group>";
		};
		DBBDD31C1EF7F14800D09C13 /* Products */ = {
			isa = PBXGroup;
			children = (
				DBBDD31B1EF7F14800D09C13 /* VetEks Golf.app */,
			);
			name = Products;
			sourceTree = "<group>";
		};
		DBBDD31D1EF7F14800D09C13 /* VetEks Golf */ = {
			isa = PBXGroup;
			children = (
				DBEEAB6A1F0CC15D00AF59C2 /* AuthService.swift */,
				DBEEAB691F0CC0F000AF59C2 /* ViewControllers */,
				DBBDD31E1EF7F14800D09C13 /* AppDelegate.swift */,
				DBBDD3221EF7F14800D09C13 /* Main.storyboard */,
				DBBDD3281EF7F14800D09C13 /* Assets.xcassets */,
				DBBDD32A1EF7F14800D09C13 /* LaunchScreen.storyboard */,
				DBBDD32D1EF7F14800D09C13 /* Info.plist */,
				DB1A76E41EF9280B0030215F /* score.swift */,
				DB1A76EA1EF966630030215F /* VetEks.xcdatamodeld */,
				DBE9E6E71EFD3864002FEAC8 /* GoogleService-Info.plist */,
				DB4F0DDB1F0BDA39006CEE13 /* LICENSE.txt */,
				DB4F0DE61F0BDA87006CEE13 /* ProgressHUD.bundle */,
				DB4F0DE71F0BDA87006CEE13 /* ProgressHUD.h */,
				DB4F0DE81F0BDA87006CEE13 /* ProgressHUD.m */,
				DB4F0DE51F0BDA86006CEE13 /* VetEks Golf-Bridging-Header.h */,
			);
			path = "VetEks Golf";
			sourceTree = "<group>";
		};
		DBEEAB691F0CC0F000AF59C2 /* ViewControllers */ = {
			isa = PBXGroup;
			children = (
				DB4E10501F029BA000714A4E /* SignUpVC.swift */,
				DBBDD3201EF7F14800D09C13 /* LoginVC.swift */,
				DBBDD3351EF7F43400D09C13 /* HomeTableViewController.swift */,
				DB164B941EFBE9FE0074CE39 /* GolfersTableViewController.swift */,
				DB164B961EFBEA650074CE39 /* GolfersTableViewCell.swift */,
				DBBDD3371EF7F58700D09C13 /* HomeTableViewCell.swift */,
				DBBDD3391EF815A600D09C13 /* ScoreCardViewController.swift */,
				DB1A76E81EF947410030215F /* addScoreController.swift */,
				DB164B921EFBE0DB0074CE39 /* addGolferController.swift */,
			);
			name = ViewControllers;
			sourceTree = "<group>";
		};
/* End PBXGroup section */

/* Begin PBXNativeTarget section */
		DBBDD31A1EF7F14800D09C13 /* VetEks Golf */ = {
			isa = PBXNativeTarget;
			buildConfigurationList = DBBDD3301EF7F14800D09C13 /* Build configuration list for PBXNativeTarget "VetEks Golf" */;
			buildPhases = (
				2AD1A7672AA160484D6C1116 /* [CP] Check Pods Manifest.lock */,
				DBBDD3171EF7F14800D09C13 /* Sources */,
				DBBDD3181EF7F14800D09C13 /* Frameworks */,
				DBBDD3191EF7F14800D09C13 /* Resources */,
				3BB917A62ED23EBAD39794D5 /* [CP] Embed Pods Frameworks */,
				DF06551D3575C911811A1D46 /* [CP] Copy Pods Resources */,
			);
			buildRules = (
			);
			dependencies = (
			);
			name = "VetEks Golf";
			productName = "VetEks Golf";
			productReference = DBBDD31B1EF7F14800D09C13 /* VetEks Golf.app */;
			productType = "com.apple.product-type.application";
		};
/* End PBXNativeTarget section */

/* Begin PBXProject section */
		DBBDD3131EF7F14800D09C13 /* Project object */ = {
			isa = PBXProject;
			attributes = {
				LastSwiftUpdateCheck = 0830;
				LastUpgradeCheck = 0830;
				ORGANIZATIONNAME = "Duane Jordaan";
				TargetAttributes = {
					DBBDD31A1EF7F14800D09C13 = {
						CreatedOnToolsVersion = 8.3.2;
						LastSwiftMigration = 0830;
						ProvisioningStyle = Automatic;
					};
				};
			};
			buildConfigurationList = DBBDD3161EF7F14800D09C13 /* Build configuration list for PBXProject "VetEks Golf" */;
			compatibilityVersion = "Xcode 3.2";
			developmentRegion = English;
			hasScannedForEncodings = 0;
			knownRegions = (
				en,
				Base,
			);
			mainGroup = DBBDD3121EF7F14800D09C13;
			productRefGroup = DBBDD31C1EF7F14800D09C13 /* Products */;
			projectDirPath = "";
			projectRoot = "";
			targets = (
				DBBDD31A1EF7F14800D09C13 /* VetEks Golf */,
			);
		};
/* End PBXProject section */

/* Begin PBXResourcesBuildPhase section */
		DBBDD3191EF7F14800D09C13 /* Resources */ = {
			isa = PBXResourcesBuildPhase;
			buildActionMask = 2147483647;
			files = (
				DBBDD32C1EF7F14800D09C13 /* LaunchScreen.storyboard in Resources */,
				DBE9E6E81EFD3864002FEAC8 /* GoogleService-Info.plist in Resources */,
				DB4F0DE91F0BDA87006CEE13 /* ProgressHUD.bundle in Resources */,
				DBBDD3291EF7F14800D09C13 /* Assets.xcassets in Resources */,
				DB4F0DE01F0BDA39006CEE13 /* LICENSE.txt in Resources */,
				DBBDD3241EF7F14800D09C13 /* Main.storyboard in Resources */,
			);
			runOnlyForDeploymentPostprocessing = 0;
		};
/* End PBXResourcesBuildPhase section */

/* Begin PBXShellScriptBuildPhase section */
		2AD1A7672AA160484D6C1116 /* [CP] Check Pods Manifest.lock */ = {
			isa = PBXShellScriptBuildPhase;
			buildActionMask = 2147483647;
			files = (
			);
			inputPaths = (
			);
			name = "[CP] Check Pods Manifest.lock";
			outputPaths = (
			);
			runOnlyForDeploymentPostprocessing = 0;
			shellPath = /bin/sh;
			shellScript = "diff \"${PODS_PODFILE_DIR_PATH}/Podfile.lock\" \"${PODS_ROOT}/Manifest.lock\" > /dev/null\nif [ $? != 0 ] ; then\n    # print error to STDERR\n    echo \"error: The sandbox is not in sync with the Podfile.lock. Run 'pod install' or update your CocoaPods installation.\" >&2\n    exit 1\nfi\n";
			showEnvVarsInLog = 0;
		};
		3BB917A62ED23EBAD39794D5 /* [CP] Embed Pods Frameworks */ = {
			isa = PBXShellScriptBuildPhase;
			buildActionMask = 2147483647;
			files = (
			);
			inputPaths = (
			);
			name = "[CP] Embed Pods Frameworks";
			outputPaths = (
			);
			runOnlyForDeploymentPostprocessing = 0;
			shellPath = /bin/sh;
			shellScript = "\"${SRCROOT}/Pods/Target Support Files/Pods-VetEks Golf/Pods-VetEks Golf-frameworks.sh\"\n";
			showEnvVarsInLog = 0;
		};
		DF06551D3575C911811A1D46 /* [CP] Copy Pods Resources */ = {
			isa = PBXShellScriptBuildPhase;
			buildActionMask = 2147483647;
			files = (
			);
			inputPaths = (
			);
			name = "[CP] Copy Pods Resources";
			outputPaths = (
			);
			runOnlyForDeploymentPostprocessing = 0;
			shellPath = /bin/sh;
			shellScript = "\"${SRCROOT}/Pods/Target Support Files/Pods-VetEks Golf/Pods-VetEks Golf-resources.sh\"\n";
			showEnvVarsInLog = 0;
		};
/* End PBXShellScriptBuildPhase section */

/* Begin PBXSourcesBuildPhase section */
		DBBDD3171EF7F14800D09C13 /* Sources */ = {
			isa = PBXSourcesBuildPhase;
			buildActionMask = 2147483647;
			files = (
				DB1A76EC1EF966630030215F /* VetEks.xcdatamodeld in Sources */,
				DB4F0DEA1F0BDA87006CEE13 /* ProgressHUD.m in Sources */,
				DBBDD3361EF7F43400D09C13 /* HomeTableViewController.swift in Sources */,
				DB164B971EFBEA650074CE39 /* GolfersTableViewCell.swift in Sources */,
				DBBDD33A1EF815A600D09C13 /* ScoreCardViewController.swift in Sources */,
				DB4E10511F029BA000714A4E /* SignUpVC.swift in Sources */,
				DBBDD3381EF7F58700D09C13 /* HomeTableViewCell.swift in Sources */,
				DB1A76E91EF947410030215F /* addScoreController.swift in Sources */,
				DB164B931EFBE0DB0074CE39 /* addGolferController.swift in Sources */,
				DB164B951EFBE9FE0074CE39 /* GolfersTableViewController.swift in Sources */,
				DBBDD3211EF7F14800D09C13 /* LoginVC.swift in Sources */,
				DB1A76E51EF9280B0030215F /* score.swift in Sources */,
				DBBDD31F1EF7F14800D09C13 /* AppDelegate.swift in Sources */,
				DBEEAB6B1F0CC15D00AF59C2 /* AuthService.swift in Sources */,
			);
			runOnlyForDeploymentPostprocessing = 0;
		};
/* End PBXSourcesBuildPhase section */

/* Begin PBXVariantGroup section */
		DBBDD3221EF7F14800D09C13 /* Main.storyboard */ = {
			isa = PBXVariantGroup;
			children = (
				DBBDD3231EF7F14800D09C13 /* Base */,
			);
			name = Main.storyboard;
			sourceTree = "<group>";
		};
		DBBDD32A1EF7F14800D09C13 /* LaunchScreen.storyboard */ = {
			isa = PBXVariantGroup;
			children = (
				DBBDD32B1EF7F14800D09C13 /* Base */,
			);
			name = LaunchScreen.storyboard;
			sourceTree = "<group>";
		};
/* End PBXVariantGroup section */

/* Begin XCBuildConfiguration section */
		DBBDD32E1EF7F14800D09C13 /* Debug */ = {
			isa = XCBuildConfiguration;
			buildSettings = {
				ALWAYS_SEARCH_USER_PATHS = NO;
				CLANG_ANALYZER_NONNULL = YES;
				CLANG_ANALYZER_NUMBER_OBJECT_CONVERSION = YES_AGGRESSIVE;
				CLANG_CXX_LANGUAGE_STANDARD = "gnu++0x";
				CLANG_CXX_LIBRARY = "libc++";
				CLANG_ENABLE_MODULES = YES;
				CLANG_ENABLE_OBJC_ARC = YES;
				CLANG_WARN_BOOL_CONVERSION = YES;
				CLANG_WARN_CONSTANT_CONVERSION = YES;
				CLANG_WARN_DIRECT_OBJC_ISA_USAGE = YES_ERROR;
				CLANG_WARN_DOCUMENTATION_COMMENTS = YES;
				CLANG_WARN_EMPTY_BODY = YES;
				CLANG_WARN_ENUM_CONVERSION = YES;
				CLANG_WARN_INFINITE_RECURSION = YES;
				CLANG_WARN_INT_CONVERSION = YES;
				CLANG_WARN_OBJC_ROOT_CLASS = YES_ERROR;
				CLANG_WARN_SUSPICIOUS_MOVE = YES;
				CLANG_WARN_UNREACHABLE_CODE = YES;
				CLANG_WARN__DUPLICATE_METHOD_MATCH = YES;
				"CODE_SIGN_IDENTITY[sdk=iphoneos*]" = "iPhone Developer";
				COPY_PHASE_STRIP = NO;
				DEBUG_INFORMATION_FORMAT = dwarf;
				ENABLE_STRICT_OBJC_MSGSEND = YES;
				ENABLE_TESTABILITY = YES;
				GCC_C_LANGUAGE_STANDARD = gnu99;
				GCC_DYNAMIC_NO_PIC = NO;
				GCC_NO_COMMON_BLOCKS = YES;
				GCC_OPTIMIZATION_LEVEL = 0;
				GCC_PREPROCESSOR_DEFINITIONS = (
					"DEBUG=1",
					"$(inherited)",
				);
				GCC_WARN_64_TO_32_BIT_CONVERSION = YES;
				GCC_WARN_ABOUT_RETURN_TYPE = YES_ERROR;
				GCC_WARN_UNDECLARED_SELECTOR = YES;
				GCC_WARN_UNINITIALIZED_AUTOS = YES_AGGRESSIVE;
				GCC_WARN_UNUSED_FUNCTION = YES;
				GCC_WARN_UNUSED_VARIABLE = YES;
				IPHONEOS_DEPLOYMENT_TARGET = 10.3;
				MTL_ENABLE_DEBUG_INFO = YES;
				ONLY_ACTIVE_ARCH = YES;
				SDKROOT = iphoneos;
				SWIFT_ACTIVE_COMPILATION_CONDITIONS = DEBUG;
				SWIFT_OPTIMIZATION_LEVEL = "-Onone";
				TARGETED_DEVICE_FAMILY = "1,2";
			};
			name = Debug;
		};
		DBBDD32F1EF7F14800D09C13 /* Release */ = {
			isa = XCBuildConfiguration;
			buildSettings = {
				ALWAYS_SEARCH_USER_PATHS = NO;
				CLANG_ANALYZER_NONNULL = YES;
				CLANG_ANALYZER_NUMBER_OBJECT_CONVERSION = YES_AGGRESSIVE;
				CLANG_CXX_LANGUAGE_STANDARD = "gnu++0x";
				CLANG_CXX_LIBRARY = "libc++";
				CLANG_ENABLE_MODULES = YES;
				CLANG_ENABLE_OBJC_ARC = YES;
				CLANG_WARN_BOOL_CONVERSION = YES;
				CLANG_WARN_CONSTANT_CONVERSION = YES;
				CLANG_WARN_DIRECT_OBJC_ISA_USAGE = YES_ERROR;
				CLANG_WARN_DOCUMENTATION_COMMENTS = YES;
				CLANG_WARN_EMPTY_BODY = YES;
				CLANG_WARN_ENUM_CONVERSION = YES;
				CLANG_WARN_INFINITE_RECURSION = YES;
				CLANG_WARN_INT_CONVERSION = YES;
				CLANG_WARN_OBJC_ROOT_CLASS = YES_ERROR;
				CLANG_WARN_SUSPICIOUS_MOVE = YES;
				CLANG_WARN_UNREACHABLE_CODE = YES;
				CLANG_WARN__DUPLICATE_METHOD_MATCH = YES;
				"CODE_SIGN_IDENTITY[sdk=iphoneos*]" = "iPhone Developer";
				COPY_PHASE_STRIP = NO;
				DEBUG_INFORMATION_FORMAT = "dwarf-with-dsym";
				ENABLE_NS_ASSERTIONS = NO;
				ENABLE_STRICT_OBJC_MSGSEND = YES;
				GCC_C_LANGUAGE_STANDARD = gnu99;
				GCC_NO_COMMON_BLOCKS = YES;
				GCC_WARN_64_TO_32_BIT_CONVERSION = YES;
				GCC_WARN_ABOUT_RETURN_TYPE = YES_ERROR;
				GCC_WARN_UNDECLARED_SELECTOR = YES;
				GCC_WARN_UNINITIALIZED_AUTOS = YES_AGGRESSIVE;
				GCC_WARN_UNUSED_FUNCTION = YES;
				GCC_WARN_UNUSED_VARIABLE = YES;
				IPHONEOS_DEPLOYMENT_TARGET = 10.3;
				MTL_ENABLE_DEBUG_INFO = NO;
				SDKROOT = iphoneos;
				SWIFT_OPTIMIZATION_LEVEL = "-Owholemodule";
				TARGETED_DEVICE_FAMILY = "1,2";
				VALIDATE_PRODUCT = YES;
			};
			name = Release;
		};
		DBBDD3311EF7F14800D09C13 /* Debug */ = {
			isa = XCBuildConfiguration;
			baseConfigurationReference = 1BC80A3A2424D67A88E7EDF4 /* Pods-VetEks Golf.debug.xcconfig */;
			buildSettings = {
				ASSETCATALOG_COMPILER_APPICON_NAME = AppIcon;
				CLANG_ENABLE_MODULES = YES;
				INFOPLIST_FILE = "VetEks Golf/Info.plist";
				LD_RUNPATH_SEARCH_PATHS = "$(inherited) @executable_path/Frameworks";
				PRODUCT_BUNDLE_IDENTIFIER = "co.za.sdcapital.VetEks-Golf";
				PRODUCT_NAME = "$(TARGET_NAME)";
				SWIFT_OBJC_BRIDGING_HEADER = "VetEks Golf/VetEks Golf-Bridging-Header.h";
				SWIFT_OPTIMIZATION_LEVEL = "-Onone";
				SWIFT_VERSION = 3.0;
			};
			name = Debug;
		};
		DBBDD3321EF7F14800D09C13 /* Release */ = {
			isa = XCBuildConfiguration;
			baseConfigurationReference = E602FF5F5D8255A9771E4219 /* Pods-VetEks Golf.release.xcconfig */;
			buildSettings = {
				ASSETCATALOG_COMPILER_APPICON_NAME = AppIcon;
				CLANG_ENABLE_MODULES = YES;
				INFOPLIST_FILE = "VetEks Golf/Info.plist";
				LD_RUNPATH_SEARCH_PATHS = "$(inherited) @executable_path/Frameworks";
				PRODUCT_BUNDLE_IDENTIFIER = "co.za.sdcapital.VetEks-Golf";
				PRODUCT_NAME = "$(TARGET_NAME)";
				SWIFT_OBJC_BRIDGING_HEADER = "VetEks Golf/VetEks Golf-Bridging-Header.h";
				SWIFT_VERSION = 3.0;
			};
			name = Release;
		};
/* End XCBuildConfiguration section */

/* Begin XCConfigurationList section */
		DBBDD3161EF7F14800D09C13 /* Build configuration list for PBXProject "VetEks Golf" */ = {
			isa = XCConfigurationList;
			buildConfigurations = (
				DBBDD32E1EF7F14800D09C13 /* Debug */,
				DBBDD32F1EF7F14800D09C13 /* Release */,
			);
			defaultConfigurationIsVisible = 0;
			defaultConfigurationName = Release;
		};
		DBBDD3301EF7F14800D09C13 /* Build configuration list for PBXNativeTarget "VetEks Golf" */ = {
			isa = XCConfigurationList;
			buildConfigurations = (
				DBBDD3311EF7F14800D09C13 /* Debug */,
				DBBDD3321EF7F14800D09C13 /* Release */,
			);
			defaultConfigurationIsVisible = 0;
			defaultConfigurationName = Release;
		};
/* End XCConfigurationList section */

/* Begin XCVersionGroup section */
		DB1A76EA1EF966630030215F /* VetEks.xcdatamodeld */ = {
			isa = XCVersionGroup;
			children = (
				DB1A76EB1EF966630030215F /* VetEks.xcdatamodel */,
			);
			currentVersion = DB1A76EB1EF966630030215F /* VetEks.xcdatamodel */;
			path = VetEks.xcdatamodeld;
			sourceTree = "<group>";
			versionGroupType = wrapper.xcdatamodel;
		};
/* End XCVersionGroup section */
	};
	rootObject = DBBDD3131EF7F14800D09C13 /* Project object */;
}
