// !$*UTF8*$!
{
	archiveVersion = 1;
	classes = {
	};
	objectVersion = 46;
	objects = {

/* Begin PBXBuildFile section */
		DBBDD31F1EF7F14800D09C13 /* AppDelegate.swift in Sources */ = {isa = PBXBuildFile; fileRef = DBBDD31E1EF7F14800D09C13 /* AppDelegate.swift */; };
		DBBDD3211EF7F14800D09C13 /* LoginVC.swift in Sources */ = {isa = PBXBuildFile; fileRef = DBBDD3201EF7F14800D09C13 /* LoginVC.swift */; };
		DBBDD3241EF7F14800D09C13 /* Main.storyboard in Resources */ = {isa = PBXBuildFile; fileRef = DBBDD3221EF7F14800D09C13 /* Main.storyboard */; };
		DBBDD3271EF7F14800D09C13 /* VetEks_Golf.xcdatamodeld in Sources */ = {isa = PBXBuildFile; fileRef = DBBDD3251EF7F14800D09C13 /* VetEks_Golf.xcdatamodeld */; };
		DBBDD3291EF7F14800D09C13 /* Assets.xcassets in Resources */ = {isa = PBXBuildFile; fileRef = DBBDD3281EF7F14800D09C13 /* Assets.xcassets */; };
		DBBDD32C1EF7F14800D09C13 /* LaunchScreen.storyboard in Resources */ = {isa = PBXBuildFile; fileRef = DBBDD32A1EF7F14800D09C13 /* LaunchScreen.storyboard */; };
		DBBDD3361EF7F43400D09C13 /* HomeTableViewController.swift in Sources */ = {isa = PBXBuildFile; fileRef = DBBDD3351EF7F43400D09C13 /* HomeTableViewController.swift */; };
		DBBDD3381EF7F58700D09C13 /* HomeTableViewCell.swift in Sources */ = {isa = PBXBuildFile; fileRef = DBBDD3371EF7F58700D09C13 /* HomeTableViewCell.swift */; };
		DBBDD33A1EF815A600D09C13 /* ScoreCardViewController.swift in Sources */ = {isa = PBXBuildFile; fileRef = DBBDD3391EF815A600D09C13 /* ScoreCardViewController.swift */; };
/* End PBXBuildFile section */

/* Begin PBXFileReference section */
		DBBDD31B1EF7F14800D09C13 /* VetEks Golf.app */ = {isa = PBXFileReference; explicitFileType = wrapper.application; includeInIndex = 0; path = "VetEks Golf.app"; sourceTree = BUILT_PRODUCTS_DIR; };
		DBBDD31E1EF7F14800D09C13 /* AppDelegate.swift */ = {isa = PBXFileReference; lastKnownFileType = sourcecode.swift; path = AppDelegate.swift; sourceTree = "<group>"; };
		DBBDD3201EF7F14800D09C13 /* LoginVC.swift */ = {isa = PBXFileReference; lastKnownFileType = sourcecode.swift; path = LoginVC.swift; sourceTree = "<group>"; };
		DBBDD3231EF7F14800D09C13 /* Base */ = {isa = PBXFileReference; lastKnownFileType = file.storyboard; name = Base; path = Base.lproj/Main.storyboard; sourceTree = "<group>"; };
		DBBDD3261EF7F14800D09C13 /* VetEks_Golf.xcdatamodel */ = {isa = PBXFileReference; lastKnownFileType = wrapper.xcdatamodel; path = VetEks_Golf.xcdatamodel; sourceTree = "<group>"; };
		DBBDD3281EF7F14800D09C13 /* Assets.xcassets */ = {isa = PBXFileReference; lastKnownFileType = folder.assetcatalog; path = Assets.xcassets; sourceTree = "<group>"; };
		DBBDD32B1EF7F14800D09C13 /* Base */ = {isa = PBXFileReference; lastKnownFileType = file.storyboard; name = Base; path = Base.lproj/LaunchScreen.storyboard; sourceTree = "<group>"; };
		DBBDD32D1EF7F14800D09C13 /* Info.plist */ = {isa = PBXFileReference; lastKnownFileType = text.plist.xml; path = Info.plist; sourceTree = "<group>"; };
		DBBDD3351EF7F43400D09C13 /* HomeTableViewController.swift */ = {isa = PBXFileReference; fileEncoding = 4; lastKnownFileType = sourcecode.swift; path = HomeTableViewController.swift; sourceTree = "<group>"; };
		DBBDD3371EF7F58700D09C13 /* HomeTableViewCell.swift */ = {isa = PBXFileReference; fileEncoding = 4; lastKnownFileType = sourcecode.swift; path = HomeTableViewCell.swift; sourceTree = "<group>"; };
		DBBDD3391EF815A600D09C13 /* ScoreCardViewController.swift */ = {isa = PBXFileReference; fileEncoding = 4; lastKnownFileType = sourcecode.swift; path = ScoreCardViewController.swift; sourceTree = "<group>"; };
/* End PBXFileReference section */

/* Begin PBXFrameworksBuildPhase section */
		DBBDD3181EF7F14800D09C13 /* Frameworks */ = {
			isa = PBXFrameworksBuildPhase;
			buildActionMask = 2147483647;
			files = (
			);
			runOnlyForDeploymentPostprocessing = 0;
		};
/* End PBXFrameworksBuildPhase section */

/* Begin PBXGroup section */
		DBBDD3121EF7F14800D09C13 = {
			isa = PBXGroup;
			children = (
				DBBDD31D1EF7F14800D09C13 /* VetEks Golf */,
				DBBDD31C1EF7F14800D09C13 /* Products */,
			);
			sourceTree = "<group>";
		};
		DBBDD31C1EF7F14800D09C13 /* Products */ = {
			isa = PBXGroup;
			children = (
				DBBDD31B1EF7F14800D09C13 /* VetEks Golf.app */,
			);
			name = Products;
			sourceTree = "<group>";
		};
		DBBDD31D1EF7F14800D09C13 /* VetEks Golf */ = {
			isa = PBXGroup;
			children = (
				DBBDD31E1EF7F14800D09C13 /* AppDelegate.swift */,
				DBBDD3201EF7F14800D09C13 /* LoginVC.swift */,
				DBBDD3351EF7F43400D09C13 /* HomeTableViewController.swift */,
				DBBDD3371EF7F58700D09C13 /* HomeTableViewCell.swift */,
				DBBDD3391EF815A600D09C13 /* ScoreCardViewController.swift */,
				DBBDD3221EF7F14800D09C13 /* Main.storyboard */,
				DBBDD3281EF7F14800D09C13 /* Assets.xcassets */,
				DBBDD32A1EF7F14800D09C13 /* LaunchScreen.storyboard */,
				DBBDD32D1EF7F14800D09C13 /* Info.plist */,
				DBBDD3251EF7F14800D09C13 /* VetEks_Golf.xcdatamodeld */,
			);
			path = "VetEks Golf";
			sourceTree = "<group>";
		};
/* End PBXGroup section */

/* Begin PBXNativeTarget section */
		DBBDD31A1EF7F14800D09C13 /* VetEks Golf */ = {
			isa = PBXNativeTarget;
			buildConfigurationList = DBBDD3301EF7F14800D09C13 /* Build configuration list for PBXNativeTarget "VetEks Golf" */;
			buildPhases = (
				DBBDD3171EF7F14800D09C13 /* Sources */,
				DBBDD3181EF7F14800D09C13 /* Frameworks */,
				DBBDD3191EF7F14800D09C13 /* Resources */,
			);
			buildRules = (
			);
			dependencies = (
			);
			name = "VetEks Golf";
			productName = "VetEks Golf";
			productReference = DBBDD31B1EF7F14800D09C13 /* VetEks Golf.app */;
			productType = "com.apple.product-type.application";
		};
/* End PBXNativeTarget section */

/* Begin PBXProject section */
		DBBDD3131EF7F14800D09C13 /* Project object */ = {
			isa = PBXProject;
			attributes = {
				LastSwiftUpdateCheck = 0830;
				LastUpgradeCheck = 0830;
				ORGANIZATIONNAME = "Duane Jordaan";
				TargetAttributes = {
					DBBDD31A1EF7F14800D09C13 = {
						CreatedOnToolsVersion = 8.3.2;
						ProvisioningStyle = Automatic;
					};
				};
			};
			buildConfigurationList = DBBDD3161EF7F14800D09C13 /* Build configuration list for PBXProject "VetEks Golf" */;
			compatibilityVersion = "Xcode 3.2";
			developmentRegion = English;
			hasScannedForEncodings = 0;
			knownRegions = (
				en,
				Base,
			);
			mainGroup = DBBDD3121EF7F14800D09C13;
			productRefGroup = DBBDD31C1EF7F14800D09C13 /* Products */;
			projectDirPath = "";
			projectRoot = "";
			targets = (
				DBBDD31A1EF7F14800D09C13 /* VetEks Golf */,
			);
		};
/* End PBXProject section */

/* Begin PBXResourcesBuildPhase section */
		DBBDD3191EF7F14800D09C13 /* Resources */ = {
			isa = PBXResourcesBuildPhase;
			buildActionMask = 2147483647;
			files = (
				DBBDD32C1EF7F14800D09C13 /* LaunchScreen.storyboard in Resources */,
				DBBDD3291EF7F14800D09C13 /* Assets.xcassets in Resources */,
				DBBDD3241EF7F14800D09C13 /* Main.storyboard in Resources */,
			);
			runOnlyForDeploymentPostprocessing = 0;
		};
/* End PBXResourcesBuildPhase section */

/* Begin PBXSourcesBuildPhase section */
		DBBDD3171EF7F14800D09C13 /* Sources */ = {
			isa = PBXSourcesBuildPhase;
			buildActionMask = 2147483647;
			files = (
				DBBDD3361EF7F43400D09C13 /* HomeTableViewController.swift in Sources */,
				DBBDD33A1EF815A600D09C13 /* ScoreCardViewController.swift in Sources */,
				DBBDD3381EF7F58700D09C13 /* HomeTableViewCell.swift in Sources */,
				DBBDD3271EF7F14800D09C13 /* VetEks_Golf.xcdatamodeld in Sources */,
				DBBDD3211EF7F14800D09C13 /* LoginVC.swift in Sources */,
				DBBDD31F1EF7F14800D09C13 /* AppDelegate.swift in Sources */,
			);
			runOnlyForDeploymentPostprocessing = 0;
		};
/* End PBXSourcesBuildPhase section */

/* Begin PBXVariantGroup section */
		DBBDD3221EF7F14800D09C13 /* Main.storyboard */ = {
			isa = PBXVariantGroup;
			children = (
				DBBDD3231EF7F14800D09C13 /* Base */,
			);
			name = Main.storyboard;
			sourceTree = "<group>";
		};
		DBBDD32A1EF7F14800D09C13 /* LaunchScreen.storyboard */ = {
			isa = PBXVariantGroup;
			children = (
				DBBDD32B1EF7F14800D09C13 /* Base */,
			);
			name = LaunchScreen.storyboard;
			sourceTree = "<group>";
		};
/* End PBXVariantGroup section */

/* Begin XCBuildConfiguration section */
		DBBDD32E1EF7F14800D09C13 /* Debug */ = {
			isa = XCBuildConfiguration;
			buildSettings = {
				ALWAYS_SEARCH_USER_PATHS = NO;
				CLANG_ANALYZER_NONNULL = YES;
				CLANG_ANALYZER_NUMBER_OBJECT_CONVERSION = YES_AGGRESSIVE;
				CLANG_CXX_LANGUAGE_STANDARD = "gnu++0x";
				CLANG_CXX_LIBRARY = "libc++";
				CLANG_ENABLE_MODULES = YES;
				CLANG_ENABLE_OBJC_ARC = YES;
				CLANG_WARN_BOOL_CONVERSION = YES;
				CLANG_WARN_CONSTANT_CONVERSION = YES;
				CLANG_WARN_DIRECT_OBJC_ISA_USAGE = YES_ERROR;
				CLANG_WARN_DOCUMENTATION_COMMENTS = YES;
				CLANG_WARN_EMPTY_BODY = YES;
				CLANG_WARN_ENUM_CONVERSION = YES;
				CLANG_WARN_INFINITE_RECURSION = YES;
				CLANG_WARN_INT_CONVERSION = YES;
				CLANG_WARN_OBJC_ROOT_CLASS = YES_ERROR;
				CLANG_WARN_SUSPICIOUS_MOVE = YES;
				CLANG_WARN_UNREACHABLE_CODE = YES;
				CLANG_WARN__DUPLICATE_METHOD_MATCH = YES;
				"CODE_SIGN_IDENTITY[sdk=iphoneos*]" = "iPhone Developer";
				COPY_PHASE_STRIP = NO;
				DEBUG_INFORMATION_FORMAT = dwarf;
				ENABLE_STRICT_OBJC_MSGSEND = YES;
				ENABLE_TESTABILITY = YES;
				GCC_C_LANGUAGE_STANDARD = gnu99;
				GCC_DYNAMIC_NO_PIC = NO;
				GCC_NO_COMMON_BLOCKS = YES;
				GCC_OPTIMIZATION_LEVEL = 0;
				GCC_PREPROCESSOR_DEFINITIONS = (
					"DEBUG=1",
					"$(inherited)",
				);
				GCC_WARN_64_TO_32_BIT_CONVERSION = YES;
				GCC_WARN_ABOUT_RETURN_TYPE = YES_ERROR;
				GCC_WARN_UNDECLARED_SELECTOR = YES;
				GCC_WARN_UNINITIALIZED_AUTOS = YES_AGGRESSIVE;
				GCC_WARN_UNUSED_FUNCTION = YES;
				GCC_WARN_UNUSED_VARIABLE = YES;
				IPHONEOS_DEPLOYMENT_TARGET = 10.3;
				MTL_ENABLE_DEBUG_INFO = YES;
				ONLY_ACTIVE_ARCH = YES;
				SDKROOT = iphoneos;
				SWIFT_ACTIVE_COMPILATION_CONDITIONS = DEBUG;
				SWIFT_OPTIMIZATION_LEVEL = "-Onone";
				TARGETED_DEVICE_FAMILY = "1,2";
			};
			name = Debug;
		};
		DBBDD32F1EF7F14800D09C13 /* Release */ = {
			isa = XCBuildConfiguration;
			buildSettings = {
				ALWAYS_SEARCH_USER_PATHS = NO;
				CLANG_ANALYZER_NONNULL = YES;
				CLANG_ANALYZER_NUMBER_OBJECT_CONVERSION = YES_AGGRESSIVE;
				CLANG_CXX_LANGUAGE_STANDARD = "gnu++0x";
				CLANG_CXX_LIBRARY = "libc++";
				CLANG_ENABLE_MODULES = YES;
				CLANG_ENABLE_OBJC_ARC = YES;
				CLANG_WARN_BOOL_CONVERSION = YES;
				CLANG_WARN_CONSTANT_CONVERSION = YES;
				CLANG_WARN_DIRECT_OBJC_ISA_USAGE = YES_ERROR;
				CLANG_WARN_DOCUMENTATION_COMMENTS = YES;
				CLANG_WARN_EMPTY_BODY = YES;
				CLANG_WARN_ENUM_CONVERSION = YES;
				CLANG_WARN_INFINITE_RECURSION = YES;
				CLANG_WARN_INT_CONVERSION = YES;
				CLANG_WARN_OBJC_ROOT_CLASS = YES_ERROR;
				CLANG_WARN_SUSPICIOUS_MOVE = YES;
				CLANG_WARN_UNREACHABLE_CODE = YES;
				CLANG_WARN__DUPLICATE_METHOD_MATCH = YES;
				"CODE_SIGN_IDENTITY[sdk=iphoneos*]" = "iPhone Developer";
				COPY_PHASE_STRIP = NO;
				DEBUG_INFORMATION_FORMAT = "dwarf-with-dsym";
				ENABLE_NS_ASSERTIONS = NO;
				ENABLE_STRICT_OBJC_MSGSEND = YES;
				GCC_C_LANGUAGE_STANDARD = gnu99;
				GCC_NO_COMMON_BLOCKS = YES;
				GCC_WARN_64_TO_32_BIT_CONVERSION = YES;
				GCC_WARN_ABOUT_RETURN_TYPE = YES_ERROR;
				GCC_WARN_UNDECLARED_SELECTOR = YES;
				GCC_WARN_UNINITIALIZED_AUTOS = YES_AGGRESSIVE;
				GCC_WARN_UNUSED_FUNCTION = YES;
				GCC_WARN_UNUSED_VARIABLE = YES;
				IPHONEOS_DEPLOYMENT_TARGET = 10.3;
				MTL_ENABLE_DEBUG_INFO = NO;
				SDKROOT = iphoneos;
				SWIFT_OPTIMIZATION_LEVEL = "-Owholemodule";
				TARGETED_DEVICE_FAMILY = "1,2";
				VALIDATE_PRODUCT = YES;
			};
			name = Release;
		};
		DBBDD3311EF7F14800D09C13 /* Debug */ = {
			isa = XCBuildConfiguration;
			buildSettings = {
				ASSETCATALOG_COMPILER_APPICON_NAME = AppIcon;
				INFOPLIST_FILE = "VetEks Golf/Info.plist";
				LD_RUNPATH_SEARCH_PATHS = "$(inherited) @executable_path/Frameworks";
				PRODUCT_BUNDLE_IDENTIFIER = "co.za.sdcapital.VetEks-Golf";
				PRODUCT_NAME = "$(TARGET_NAME)";
				SWIFT_VERSION = 3.0;
			};
			name = Debug;
		};
		DBBDD3321EF7F14800D09C13 /* Release */ = {
			isa = XCBuildConfiguration;
			buildSettings = {
				ASSETCATALOG_COMPILER_APPICON_NAME = AppIcon;
				INFOPLIST_FILE = "VetEks Golf/Info.plist";
				LD_RUNPATH_SEARCH_PATHS = "$(inherited) @executable_path/Frameworks";
				PRODUCT_BUNDLE_IDENTIFIER = "co.za.sdcapital.VetEks-Golf";
				PRODUCT_NAME = "$(TARGET_NAME)";
				SWIFT_VERSION = 3.0;
			};
			name = Release;
		};
/* End XCBuildConfiguration section */

/* Begin XCConfigurationList section */
		DBBDD3161EF7F14800D09C13 /* Build configuration list for PBXProject "VetEks Golf" */ = {
			isa = XCConfigurationList;
			buildConfigurations = (
				DBBDD32E1EF7F14800D09C13 /* Debug */,
				DBBDD32F1EF7F14800D09C13 /* Release */,
			);
			defaultConfigurationIsVisible = 0;
			defaultConfigurationName = Release;
		};
		DBBDD3301EF7F14800D09C13 /* Build configuration list for PBXNativeTarget "VetEks Golf" */ = {
			isa = XCConfigurationList;
			buildConfigurations = (
				DBBDD3311EF7F14800D09C13 /* Debug */,
				DBBDD3321EF7F14800D09C13 /* Release */,
			);
			defaultConfigurationIsVisible = 0;
		};
/* End XCConfigurationList section */

/* Begin XCVersionGroup section */
		DBBDD3251EF7F14800D09C13 /* VetEks_Golf.xcdatamodeld */ = {
			isa = XCVersionGroup;
			children = (
				DBBDD3261EF7F14800D09C13 /* VetEks_Golf.xcdatamodel */,
			);
			currentVersion = DBBDD3261EF7F14800D09C13 /* VetEks_Golf.xcdatamodel */;
			path = VetEks_Golf.xcdatamodeld;
			sourceTree = "<group>";
			versionGroupType = wrapper.xcdatamodel;
		};
/* End XCVersionGroup section */
	};
	rootObject = DBBDD3131EF7F14800D09C13 /* Project object */;
}
